github.com/MayvenF/dog v0.0.0-20231109130053-bc2cdc4dfa23 h1:8mbu3gaETwzZj4w5SK0edtKPMJ+UBModeoEabnyOZhM=
github.com/MayvenF/dog v0.0.0-20231109130053-bc2cdc4dfa23/go.mod h1:wTC3PRZmTAQY3NEJOnEntYKUlpkdo29ysFOvh3RJfdQ=
github.com/MayvenF/puppy v0.0.0-20231109115618-2a4415d20524 h1:35oA2ZFY4gPHcUKzPSqjqvYk1Me8nwiB4fW9NVpyyXc=
github.com/MayvenF/puppy v0.0.0-20231109115618-2a4415d20524/go.mod h1:yX3hE6XdkKoiTc7i6ldXn4dzK/F59fmRqyMYdYE7nsg=
github.com/MayvenF/puppy v0.0.0-20231109130400-6a37c9e31163 h1:wIxND/lmoKQgybmJZ1lh0/sdwIX89X1X2vQRAWCzQf4=
github.com/MayvenF/puppy v0.0.0-20231109130400-6a37c9e31163/go.mod h1:B4N42w48tJvxhjKX2QdVdzNBgyWrJj3k9lsKYSjRnYI=
